
Microsoft Visual Studio Solution File, Format Version 12.00
# Visual Studio Version 16
VisualStudioVersion = 16.0.30804.86
MinimumVisualStudioVersion = 10.0.40219.1
Project("{FAE04EC0-301F-11D3-BF4B-00C04F79EFBC}") = "Ecom Simulator.Android", "Ecom Simulator\Ecom Simulator.Android\Ecom Simulator.Android.csproj", "{D18EE3EA-3DB1-4990-9429-27CC9E25F9D5}"
EndProject
Project("{9A19103F-16F7-4668-BE54-9A1E7A4F7556}") = "Ecom Simulator", "Ecom Simulator\Ecom Simulator\Ecom Simulator.csproj", "{6BEB2211-A9DF-4B15-8B84-9B29B22D86EC}"
EndProject
Project("{FAE04EC0-301F-11D3-BF4B-00C04F79EFBC}") = "Simulator.API", "Simulator.API\Simulator.API.csproj", "{35C7F9D4-3535-4622-ABAB-761074C66728}"
EndProject
Project("{2150E333-8FDC-42A3-9474-1A3956D46DE8}") = "Mobile", "Mobile", "{D439238E-42C6-4638-A6C0-6E19E552F1C9}"
EndProject
Project("{FAE04EC0-301F-11D3-BF4B-00C04F79EFBC}") = "Simulator.SandBox", "Simulator.SandBox\Simulator.SandBox.csproj", "{8AAF37B6-D820-4115-911A-B58D50779A61}"
EndProject
Global
	GlobalSection(SolutionConfigurationPlatforms) = preSolution
		Debug|Any CPU = Debug|Any CPU
		Release|Any CPU = Release|Any CPU
	EndGlobalSection
	GlobalSection(ProjectConfigurationPlatforms) = postSolution
		{D18EE3EA-3DB1-4990-9429-27CC9E25F9D5}.Debug|Any CPU.ActiveCfg = Debug|Any CPU
		{D18EE3EA-3DB1-4990-9429-27CC9E25F9D5}.Debug|Any CPU.Build.0 = Debug|Any CPU
		{D18EE3EA-3DB1-4990-9429-27CC9E25F9D5}.Debug|Any CPU.Deploy.0 = Debug|Any CPU
		{D18EE3EA-3DB1-4990-9429-27CC9E25F9D5}.Release|Any CPU.ActiveCfg = Release|Any CPU
		{D18EE3EA-3DB1-4990-9429-27CC9E25F9D5}.Release|Any CPU.Build.0 = Release|Any CPU
		{D18EE3EA-3DB1-4990-9429-27CC9E25F9D5}.Release|Any CPU.Deploy.0 = Release|Any CPU
		{6BEB2211-A9DF-4B15-8B84-9B29B22D86EC}.Debug|Any CPU.ActiveCfg = Debug|Any CPU
		{6BEB2211-A9DF-4B15-8B84-9B29B22D86EC}.Debug|Any CPU.Build.0 = Debug|Any CPU
		{6BEB2211-A9DF-4B15-8B84-9B29B22D86EC}.Debug|Any CPU.Deploy.0 = Debug|Any CPU
		{6BEB2211-A9DF-4B15-8B84-9B29B22D86EC}.Release|Any CPU.ActiveCfg = Release|Any CPU
		{6BEB2211-A9DF-4B15-8B84-9B29B22D86EC}.Release|Any CPU.Build.0 = Release|Any CPU
		{6BEB2211-A9DF-4B15-8B84-9B29B22D86EC}.Release|Any CPU.Deploy.0 = Release|Any CPU
		{35C7F9D4-3535-4622-ABAB-761074C66728}.Debug|Any CPU.ActiveCfg = Debug|Any CPU
		{35C7F9D4-3535-4622-ABAB-761074C66728}.Debug|Any CPU.Build.0 = Debug|Any CPU
		{35C7F9D4-3535-4622-ABAB-761074C66728}.Release|Any CPU.ActiveCfg = Release|Any CPU
		{35C7F9D4-3535-4622-ABAB-761074C66728}.Release|Any CPU.Build.0 = Release|Any CPU
		{8AAF37B6-D820-4115-911A-B58D50779A61}.Debug|Any CPU.ActiveCfg = Debug|Any CPU
		{8AAF37B6-D820-4115-911A-B58D50779A61}.Debug|Any CPU.Build.0 = Debug|Any CPU
		{8AAF37B6-D820-4115-911A-B58D50779A61}.Release|Any CPU.ActiveCfg = Release|Any CPU
		{8AAF37B6-D820-4115-911A-B58D50779A61}.Release|Any CPU.Build.0 = Release|Any CPU
	EndGlobalSection
	GlobalSection(SolutionProperties) = preSolution
		HideSolutionNode = FALSE
	EndGlobalSection
	GlobalSection(NestedProjects) = preSolution
		{D18EE3EA-3DB1-4990-9429-27CC9E25F9D5} = {D439238E-42C6-4638-A6C0-6E19E552F1C9}
		{6BEB2211-A9DF-4B15-8B84-9B29B22D86EC} = {D439238E-42C6-4638-A6C0-6E19E552F1C9}
	EndGlobalSection
	GlobalSection(ExtensibilityGlobals) = postSolution
		SolutionGuid = {228F12C1-A04E-45E6-81E9-735067C52522}
	EndGlobalSection
EndGlobal
